// !$*UTF8*$!
{
	archiveVersion = 1;
	classes = {
	};
	objectVersion = 56;
	objects = {

/* Begin PBXBuildFile section */
		564EAB112ADA9CD60065DA4E /* CustomTransitionBootcamp.swift in Sources */ = {isa = PBXBuildFile; fileRef = 564EAB102ADA9CD60065DA4E /* CustomTransitionBootcamp.swift */; };
		564EAB132ADAA10A0065DA4E /* MatchedGeometryEffectBootcamp.swift in Sources */ = {isa = PBXBuildFile; fileRef = 564EAB122ADAA10A0065DA4E /* MatchedGeometryEffectBootcamp.swift */; };
		564EAB152ADAA6660065DA4E /* CustomShapesBootcamp.swift in Sources */ = {isa = PBXBuildFile; fileRef = 564EAB142ADAA6660065DA4E /* CustomShapesBootcamp.swift */; };
		564EAB172ADAAC880065DA4E /* CustomShapesWithCurves.swift in Sources */ = {isa = PBXBuildFile; fileRef = 564EAB162ADAAC870065DA4E /* CustomShapesWithCurves.swift */; };
		564EAB192ADAB2E00065DA4E /* AnimatableDataBootcamp.swift in Sources */ = {isa = PBXBuildFile; fileRef = 564EAB182ADAB2E00065DA4E /* AnimatableDataBootcamp.swift */; };
		564EAB1B2ADABBE70065DA4E /* GenericsBootcamp.swift in Sources */ = {isa = PBXBuildFile; fileRef = 564EAB1A2ADABBE70065DA4E /* GenericsBootcamp.swift */; };
		566BF0632ADD3F18002B0993 /* PreferenceKeyBootcamp.swift in Sources */ = {isa = PBXBuildFile; fileRef = 566BF0622ADD3F18002B0993 /* PreferenceKeyBootcamp.swift */; };
		566BF0662ADD466A002B0993 /* GeometryPreferenceKeyBootcamp.swift in Sources */ = {isa = PBXBuildFile; fileRef = 566BF0652ADD466A002B0993 /* GeometryPreferenceKeyBootcamp.swift */; };
		566BF0682ADD4F9E002B0993 /* ScrollViewOffsetPreferenceKeyBootcamp.swift in Sources */ = {isa = PBXBuildFile; fileRef = 566BF0672ADD4F9E002B0993 /* ScrollViewOffsetPreferenceKeyBootcamp.swift */; };
		566BF06A2ADD5878002B0993 /* AppTabBarView.swift in Sources */ = {isa = PBXBuildFile; fileRef = 566BF0692ADD5878002B0993 /* AppTabBarView.swift */; };
		566BF06D2ADD620A002B0993 /* CustomTabBarView.swift in Sources */ = {isa = PBXBuildFile; fileRef = 566BF06C2ADD620A002B0993 /* CustomTabBarView.swift */; };
		567078EC2ADED110006C18D9 /* ProtocolsBootcamp.swift in Sources */ = {isa = PBXBuildFile; fileRef = 567078EB2ADED110006C18D9 /* ProtocolsBootcamp.swift */; };
		567078EE2ADED825006C18D9 /* DependencyInjectionBootcamp.swift in Sources */ = {isa = PBXBuildFile; fileRef = 567078ED2ADED825006C18D9 /* DependencyInjectionBootcamp.swift */; };
		567A55ED2ADA7E02004A3BBA /* SwiftUIAdvancedApp.swift in Sources */ = {isa = PBXBuildFile; fileRef = 567A55EC2ADA7E02004A3BBA /* SwiftUIAdvancedApp.swift */; };
		567A55F12ADA7E05004A3BBA /* Assets.xcassets in Resources */ = {isa = PBXBuildFile; fileRef = 567A55F02ADA7E05004A3BBA /* Assets.xcassets */; };
		567A55F42ADA7E05004A3BBA /* Preview Assets.xcassets in Resources */ = {isa = PBXBuildFile; fileRef = 567A55F32ADA7E05004A3BBA /* Preview Assets.xcassets */; };
		567A55FB2ADA7E59004A3BBA /* ViewModifiersBootcamp.swift in Sources */ = {isa = PBXBuildFile; fileRef = 567A55FA2ADA7E59004A3BBA /* ViewModifiersBootcamp.swift */; };
		567A55FD2ADA834F004A3BBA /* CustomButtonStylesBootcamp.swift in Sources */ = {isa = PBXBuildFile; fileRef = 567A55FC2ADA834F004A3BBA /* CustomButtonStylesBootcamp.swift */; };
		568FC7082ADD9D1F00380B29 /* CustomTabBarContainerView.swift in Sources */ = {isa = PBXBuildFile; fileRef = 568FC7072ADD9D1F00380B29 /* CustomTabBarContainerView.swift */; };
		568FC70A2ADDA13500380B29 /* TabBarItemsPreferenceKey.swift in Sources */ = {isa = PBXBuildFile; fileRef = 568FC7092ADDA13500380B29 /* TabBarItemsPreferenceKey.swift */; };
		568FC70C2ADDA39C00380B29 /* TabBarItem.swift in Sources */ = {isa = PBXBuildFile; fileRef = 568FC70B2ADDA39C00380B29 /* TabBarItem.swift */; };
		568FC7102ADE6E7D00380B29 /* AppNavBarView.swift in Sources */ = {isa = PBXBuildFile; fileRef = 568FC70F2ADE6E7D00380B29 /* AppNavBarView.swift */; };
		568FC7122ADE701C00380B29 /* CustomNavBarView.swift in Sources */ = {isa = PBXBuildFile; fileRef = 568FC7112ADE701C00380B29 /* CustomNavBarView.swift */; };
		568FC7142ADE724600380B29 /* CustomNavBarContainerView.swift in Sources */ = {isa = PBXBuildFile; fileRef = 568FC7132ADE724600380B29 /* CustomNavBarContainerView.swift */; };
		568FC7162ADE73A500380B29 /* CustomNavView.swift in Sources */ = {isa = PBXBuildFile; fileRef = 568FC7152ADE73A500380B29 /* CustomNavView.swift */; };
		568FC7182ADE751700380B29 /* CustomNavLink.swift in Sources */ = {isa = PBXBuildFile; fileRef = 568FC7172ADE751700380B29 /* CustomNavLink.swift */; };
		568FC71A2ADE782300380B29 /* CustomNavBarPreferenceKeys.swift in Sources */ = {isa = PBXBuildFile; fileRef = 568FC7192ADE782300380B29 /* CustomNavBarPreferenceKeys.swift */; };
		568FC71C2ADE872000380B29 /* UIViewRepresentableBootcamp.swift in Sources */ = {isa = PBXBuildFile; fileRef = 568FC71B2ADE872000380B29 /* UIViewRepresentableBootcamp.swift */; };
		568FC71E2ADE926300380B29 /* UIViewControllerRepresentableBootcamp.swift in Sources */ = {isa = PBXBuildFile; fileRef = 568FC71D2ADE926300380B29 /* UIViewControllerRepresentableBootcamp.swift */; };
		56901BB82AE55B5C002F8DDC /* KeyPathBootcamp.swift in Sources */ = {isa = PBXBuildFile; fileRef = 56901BB72AE55B5C002F8DDC /* KeyPathBootcamp.swift */; };
		569131BE2ADFD81800BCE179 /* AdvancedCombineBootcamp.swift in Sources */ = {isa = PBXBuildFile; fileRef = 569131BD2ADFD81800BCE179 /* AdvancedCombineBootcamp.swift */; };
		569131C02ADFEB5F00BCE179 /* FuturesBootcamp.swift in Sources */ = {isa = PBXBuildFile; fileRef = 569131BF2ADFEB5F00BCE179 /* FuturesBootcamp.swift */; };
		569131C52ADFF1DC00BCE179 /* CustomBindingBootcamp.swift in Sources */ = {isa = PBXBuildFile; fileRef = 569131C42ADFF1DC00BCE179 /* CustomBindingBootcamp.swift */; };
		569131C72AE012A900BCE179 /* ErrorAlertBootcamp.swift in Sources */ = {isa = PBXBuildFile; fileRef = 569131C62AE012A900BCE179 /* ErrorAlertBootcamp.swift */; };
		56A77C232ADAC2E3007DEAFF /* ViewBuilderBootcamp.swift in Sources */ = {isa = PBXBuildFile; fileRef = 56A77C222ADAC2E3007DEAFF /* ViewBuilderBootcamp.swift */; };
		56E0A01F2AEE5DE800D1DF1C /* PropertyWrappersBootcamp.swift in Sources */ = {isa = PBXBuildFile; fileRef = 56E0A01E2AEE5DE800D1DF1C /* PropertyWrappersBootcamp.swift */; };
/* End PBXBuildFile section */

/* Begin PBXFileReference section */
		564EAB102ADA9CD60065DA4E /* CustomTransitionBootcamp.swift */ = {isa = PBXFileReference; lastKnownFileType = sourcecode.swift; path = CustomTransitionBootcamp.swift; sourceTree = "<group>"; };
		564EAB122ADAA10A0065DA4E /* MatchedGeometryEffectBootcamp.swift */ = {isa = PBXFileReference; lastKnownFileType = sourcecode.swift; path = MatchedGeometryEffectBootcamp.swift; sourceTree = "<group>"; };
		564EAB142ADAA6660065DA4E /* CustomShapesBootcamp.swift */ = {isa = PBXFileReference; lastKnownFileType = sourcecode.swift; path = CustomShapesBootcamp.swift; sourceTree = "<group>"; };
		564EAB162ADAAC870065DA4E /* CustomShapesWithCurves.swift */ = {isa = PBXFileReference; lastKnownFileType = sourcecode.swift; path = CustomShapesWithCurves.swift; sourceTree = "<group>"; };
		564EAB182ADAB2E00065DA4E /* AnimatableDataBootcamp.swift */ = {isa = PBXFileReference; lastKnownFileType = sourcecode.swift; path = AnimatableDataBootcamp.swift; sourceTree = "<group>"; };
		564EAB1A2ADABBE70065DA4E /* GenericsBootcamp.swift */ = {isa = PBXFileReference; lastKnownFileType = sourcecode.swift; path = GenericsBootcamp.swift; sourceTree = "<group>"; };
		566BF0622ADD3F18002B0993 /* PreferenceKeyBootcamp.swift */ = {isa = PBXFileReference; lastKnownFileType = sourcecode.swift; path = PreferenceKeyBootcamp.swift; sourceTree = "<group>"; };
		566BF0652ADD466A002B0993 /* GeometryPreferenceKeyBootcamp.swift */ = {isa = PBXFileReference; lastKnownFileType = sourcecode.swift; path = GeometryPreferenceKeyBootcamp.swift; sourceTree = "<group>"; };
		566BF0672ADD4F9E002B0993 /* ScrollViewOffsetPreferenceKeyBootcamp.swift */ = {isa = PBXFileReference; lastKnownFileType = sourcecode.swift; path = ScrollViewOffsetPreferenceKeyBootcamp.swift; sourceTree = "<group>"; };
		566BF0692ADD5878002B0993 /* AppTabBarView.swift */ = {isa = PBXFileReference; lastKnownFileType = sourcecode.swift; path = AppTabBarView.swift; sourceTree = "<group>"; };
		566BF06C2ADD620A002B0993 /* CustomTabBarView.swift */ = {isa = PBXFileReference; lastKnownFileType = sourcecode.swift; path = CustomTabBarView.swift; sourceTree = "<group>"; };
		567078EB2ADED110006C18D9 /* ProtocolsBootcamp.swift */ = {isa = PBXFileReference; lastKnownFileType = sourcecode.swift; path = ProtocolsBootcamp.swift; sourceTree = "<group>"; };
		567078ED2ADED825006C18D9 /* DependencyInjectionBootcamp.swift */ = {isa = PBXFileReference; lastKnownFileType = sourcecode.swift; path = DependencyInjectionBootcamp.swift; sourceTree = "<group>"; };
		567A55E92ADA7E02004A3BBA /* SwiftUIAdvanced.app */ = {isa = PBXFileReference; explicitFileType = wrapper.application; includeInIndex = 0; path = SwiftUIAdvanced.app; sourceTree = BUILT_PRODUCTS_DIR; };
		567A55EC2ADA7E02004A3BBA /* SwiftUIAdvancedApp.swift */ = {isa = PBXFileReference; lastKnownFileType = sourcecode.swift; path = SwiftUIAdvancedApp.swift; sourceTree = "<group>"; };
		567A55F02ADA7E05004A3BBA /* Assets.xcassets */ = {isa = PBXFileReference; lastKnownFileType = folder.assetcatalog; path = Assets.xcassets; sourceTree = "<group>"; };
		567A55F32ADA7E05004A3BBA /* Preview Assets.xcassets */ = {isa = PBXFileReference; lastKnownFileType = folder.assetcatalog; path = "Preview Assets.xcassets"; sourceTree = "<group>"; };
		567A55FA2ADA7E59004A3BBA /* ViewModifiersBootcamp.swift */ = {isa = PBXFileReference; lastKnownFileType = sourcecode.swift; path = ViewModifiersBootcamp.swift; sourceTree = "<group>"; };
		567A55FC2ADA834F004A3BBA /* CustomButtonStylesBootcamp.swift */ = {isa = PBXFileReference; lastKnownFileType = sourcecode.swift; path = CustomButtonStylesBootcamp.swift; sourceTree = "<group>"; };
		568FC7072ADD9D1F00380B29 /* CustomTabBarContainerView.swift */ = {isa = PBXFileReference; lastKnownFileType = sourcecode.swift; path = CustomTabBarContainerView.swift; sourceTree = "<group>"; };
		568FC7092ADDA13500380B29 /* TabBarItemsPreferenceKey.swift */ = {isa = PBXFileReference; lastKnownFileType = sourcecode.swift; path = TabBarItemsPreferenceKey.swift; sourceTree = "<group>"; };
		568FC70B2ADDA39C00380B29 /* TabBarItem.swift */ = {isa = PBXFileReference; lastKnownFileType = sourcecode.swift; path = TabBarItem.swift; sourceTree = "<group>"; };
		568FC70F2ADE6E7D00380B29 /* AppNavBarView.swift */ = {isa = PBXFileReference; lastKnownFileType = sourcecode.swift; path = AppNavBarView.swift; sourceTree = "<group>"; };
		568FC7112ADE701C00380B29 /* CustomNavBarView.swift */ = {isa = PBXFileReference; lastKnownFileType = sourcecode.swift; path = CustomNavBarView.swift; sourceTree = "<group>"; };
		568FC7132ADE724600380B29 /* CustomNavBarContainerView.swift */ = {isa = PBXFileReference; lastKnownFileType = sourcecode.swift; path = CustomNavBarContainerView.swift; sourceTree = "<group>"; };
		568FC7152ADE73A500380B29 /* CustomNavView.swift */ = {isa = PBXFileReference; lastKnownFileType = sourcecode.swift; path = CustomNavView.swift; sourceTree = "<group>"; };
		568FC7172ADE751700380B29 /* CustomNavLink.swift */ = {isa = PBXFileReference; lastKnownFileType = sourcecode.swift; path = CustomNavLink.swift; sourceTree = "<group>"; };
		568FC7192ADE782300380B29 /* CustomNavBarPreferenceKeys.swift */ = {isa = PBXFileReference; lastKnownFileType = sourcecode.swift; path = CustomNavBarPreferenceKeys.swift; sourceTree = "<group>"; };
		568FC71B2ADE872000380B29 /* UIViewRepresentableBootcamp.swift */ = {isa = PBXFileReference; lastKnownFileType = sourcecode.swift; path = UIViewRepresentableBootcamp.swift; sourceTree = "<group>"; };
		568FC71D2ADE926300380B29 /* UIViewControllerRepresentableBootcamp.swift */ = {isa = PBXFileReference; lastKnownFileType = sourcecode.swift; path = UIViewControllerRepresentableBootcamp.swift; sourceTree = "<group>"; };
		56901BB72AE55B5C002F8DDC /* KeyPathBootcamp.swift */ = {isa = PBXFileReference; lastKnownFileType = sourcecode.swift; path = KeyPathBootcamp.swift; sourceTree = "<group>"; };
		569131BD2ADFD81800BCE179 /* AdvancedCombineBootcamp.swift */ = {isa = PBXFileReference; lastKnownFileType = sourcecode.swift; path = AdvancedCombineBootcamp.swift; sourceTree = "<group>"; };
		569131BF2ADFEB5F00BCE179 /* FuturesBootcamp.swift */ = {isa = PBXFileReference; lastKnownFileType = sourcecode.swift; path = FuturesBootcamp.swift; sourceTree = "<group>"; };
		569131C42ADFF1DC00BCE179 /* CustomBindingBootcamp.swift */ = {isa = PBXFileReference; lastKnownFileType = sourcecode.swift; path = CustomBindingBootcamp.swift; sourceTree = "<group>"; };
		569131C62AE012A900BCE179 /* ErrorAlertBootcamp.swift */ = {isa = PBXFileReference; lastKnownFileType = sourcecode.swift; path = ErrorAlertBootcamp.swift; sourceTree = "<group>"; };
		56A77C222ADAC2E3007DEAFF /* ViewBuilderBootcamp.swift */ = {isa = PBXFileReference; lastKnownFileType = sourcecode.swift; path = ViewBuilderBootcamp.swift; sourceTree = "<group>"; };
		56E0A01E2AEE5DE800D1DF1C /* PropertyWrappersBootcamp.swift */ = {isa = PBXFileReference; lastKnownFileType = sourcecode.swift; path = PropertyWrappersBootcamp.swift; sourceTree = "<group>"; };
/* End PBXFileReference section */

/* Begin PBXFrameworksBuildPhase section */
		567A55E62ADA7E02004A3BBA /* Frameworks */ = {
			isa = PBXFrameworksBuildPhase;
			buildActionMask = 2147483647;
			files = (
			);
			runOnlyForDeploymentPostprocessing = 0;
		};
/* End PBXFrameworksBuildPhase section */

/* Begin PBXGroup section */
		566BF0642ADD464B002B0993 /* PreferenceKeyBootcamp */ = {
			isa = PBXGroup;
			children = (
				566BF0622ADD3F18002B0993 /* PreferenceKeyBootcamp.swift */,
				566BF0652ADD466A002B0993 /* GeometryPreferenceKeyBootcamp.swift */,
				566BF0672ADD4F9E002B0993 /* ScrollViewOffsetPreferenceKeyBootcamp.swift */,
			);
			path = PreferenceKeyBootcamp;
			sourceTree = "<group>";
		};
		566BF06B2ADD58BF002B0993 /* CustomTabBar */ = {
			isa = PBXGroup;
			children = (
				566BF0692ADD5878002B0993 /* AppTabBarView.swift */,
				566BF06C2ADD620A002B0993 /* CustomTabBarView.swift */,
				568FC7072ADD9D1F00380B29 /* CustomTabBarContainerView.swift */,
				568FC7092ADDA13500380B29 /* TabBarItemsPreferenceKey.swift */,
				568FC70B2ADDA39C00380B29 /* TabBarItem.swift */,
			);
			path = CustomTabBar;
			sourceTree = "<group>";
		};
		567A55E02ADA7E02004A3BBA = {
			isa = PBXGroup;
			children = (
				567A55EB2ADA7E02004A3BBA /* SwiftUIAdvanced */,
				567A55EA2ADA7E02004A3BBA /* Products */,
			);
			sourceTree = "<group>";
		};
		567A55EA2ADA7E02004A3BBA /* Products */ = {
			isa = PBXGroup;
			children = (
				567A55E92ADA7E02004A3BBA /* SwiftUIAdvanced.app */,
			);
			name = Products;
			sourceTree = "<group>";
		};
		567A55EB2ADA7E02004A3BBA /* SwiftUIAdvanced */ = {
			isa = PBXGroup;
			children = (
				567A55EC2ADA7E02004A3BBA /* SwiftUIAdvancedApp.swift */,
				567A55F02ADA7E05004A3BBA /* Assets.xcassets */,
				567A55F22ADA7E05004A3BBA /* Preview Content */,
				567A55FA2ADA7E59004A3BBA /* ViewModifiersBootcamp.swift */,
				567A55FC2ADA834F004A3BBA /* CustomButtonStylesBootcamp.swift */,
				564EAB102ADA9CD60065DA4E /* CustomTransitionBootcamp.swift */,
				564EAB122ADAA10A0065DA4E /* MatchedGeometryEffectBootcamp.swift */,
				564EAB142ADAA6660065DA4E /* CustomShapesBootcamp.swift */,
				564EAB162ADAAC870065DA4E /* CustomShapesWithCurves.swift */,
				564EAB182ADAB2E00065DA4E /* AnimatableDataBootcamp.swift */,
				564EAB1A2ADABBE70065DA4E /* GenericsBootcamp.swift */,
				56A77C222ADAC2E3007DEAFF /* ViewBuilderBootcamp.swift */,
				566BF0642ADD464B002B0993 /* PreferenceKeyBootcamp */,
				566BF06B2ADD58BF002B0993 /* CustomTabBar */,
				568FC70E2ADE6E4600380B29 /* CustomNavigation */,
				568FC71B2ADE872000380B29 /* UIViewRepresentableBootcamp.swift */,
				568FC71D2ADE926300380B29 /* UIViewControllerRepresentableBootcamp.swift */,
				567078EB2ADED110006C18D9 /* ProtocolsBootcamp.swift */,
				567078ED2ADED825006C18D9 /* DependencyInjectionBootcamp.swift */,
				569131BD2ADFD81800BCE179 /* AdvancedCombineBootcamp.swift */,
				569131BF2ADFEB5F00BCE179 /* FuturesBootcamp.swift */,
				569131C42ADFF1DC00BCE179 /* CustomBindingBootcamp.swift */,
				569131C62AE012A900BCE179 /* ErrorAlertBootcamp.swift */,
				56901BB72AE55B5C002F8DDC /* KeyPathBootcamp.swift */,
				56E0A01E2AEE5DE800D1DF1C /* PropertyWrappersBootcamp.swift */,
			);
			path = SwiftUIAdvanced;
			sourceTree = "<group>";
		};
		567A55F22ADA7E05004A3BBA /* Preview Content */ = {
			isa = PBXGroup;
			children = (
				567A55F32ADA7E05004A3BBA /* Preview Assets.xcassets */,
			);
			path = "Preview Content";
			sourceTree = "<group>";
		};
		568FC70E2ADE6E4600380B29 /* CustomNavigation */ = {
			isa = PBXGroup;
			children = (
				568FC70F2ADE6E7D00380B29 /* AppNavBarView.swift */,
				568FC7152ADE73A500380B29 /* CustomNavView.swift */,
				568FC7112ADE701C00380B29 /* CustomNavBarView.swift */,
				568FC7132ADE724600380B29 /* CustomNavBarContainerView.swift */,
				568FC7172ADE751700380B29 /* CustomNavLink.swift */,
				568FC7192ADE782300380B29 /* CustomNavBarPreferenceKeys.swift */,
			);
			path = CustomNavigation;
			sourceTree = "<group>";
		};
/* End PBXGroup section */

/* Begin PBXNativeTarget section */
		567A55E82ADA7E02004A3BBA /* SwiftUIAdvanced */ = {
			isa = PBXNativeTarget;
			buildConfigurationList = 567A55F72ADA7E05004A3BBA /* Build configuration list for PBXNativeTarget "SwiftUIAdvanced" */;
			buildPhases = (
				567A55E52ADA7E02004A3BBA /* Sources */,
				567A55E62ADA7E02004A3BBA /* Frameworks */,
				567A55E72ADA7E02004A3BBA /* Resources */,
			);
			buildRules = (
			);
			dependencies = (
			);
			name = SwiftUIAdvanced;
			productName = SwiftUIAdvanced;
			productReference = 567A55E92ADA7E02004A3BBA /* SwiftUIAdvanced.app */;
			productType = "com.apple.product-type.application";
		};
/* End PBXNativeTarget section */

/* Begin PBXProject section */
		567A55E12ADA7E02004A3BBA /* Project object */ = {
			isa = PBXProject;
			attributes = {
				BuildIndependentTargetsInParallel = 1;
				LastSwiftUpdateCheck = 1500;
				LastUpgradeCheck = 1500;
				TargetAttributes = {
					567A55E82ADA7E02004A3BBA = {
						CreatedOnToolsVersion = 15.0;
					};
				};
			};
			buildConfigurationList = 567A55E42ADA7E02004A3BBA /* Build configuration list for PBXProject "SwiftUIAdvanced" */;
			compatibilityVersion = "Xcode 14.0";
			developmentRegion = en;
			hasScannedForEncodings = 0;
			knownRegions = (
				en,
				Base,
			);
			mainGroup = 567A55E02ADA7E02004A3BBA;
			productRefGroup = 567A55EA2ADA7E02004A3BBA /* Products */;
			projectDirPath = "";
			projectRoot = "";
			targets = (
				567A55E82ADA7E02004A3BBA /* SwiftUIAdvanced */,
			);
		};
/* End PBXProject section */

/* Begin PBXResourcesBuildPhase section */
		567A55E72ADA7E02004A3BBA /* Resources */ = {
			isa = PBXResourcesBuildPhase;
			buildActionMask = 2147483647;
			files = (
				567A55F42ADA7E05004A3BBA /* Preview Assets.xcassets in Resources */,
				567A55F12ADA7E05004A3BBA /* Assets.xcassets in Resources */,
			);
			runOnlyForDeploymentPostprocessing = 0;
		};
/* End PBXResourcesBuildPhase section */

/* Begin PBXSourcesBuildPhase section */
		567A55E52ADA7E02004A3BBA /* Sources */ = {
			isa = PBXSourcesBuildPhase;
			buildActionMask = 2147483647;
			files = (
				568FC7102ADE6E7D00380B29 /* AppNavBarView.swift in Sources */,
				568FC71E2ADE926300380B29 /* UIViewControllerRepresentableBootcamp.swift in Sources */,
				568FC70A2ADDA13500380B29 /* TabBarItemsPreferenceKey.swift in Sources */,
				56E0A01F2AEE5DE800D1DF1C /* PropertyWrappersBootcamp.swift in Sources */,
				564EAB112ADA9CD60065DA4E /* CustomTransitionBootcamp.swift in Sources */,
				568FC71C2ADE872000380B29 /* UIViewRepresentableBootcamp.swift in Sources */,
				569131C02ADFEB5F00BCE179 /* FuturesBootcamp.swift in Sources */,
				569131C52ADFF1DC00BCE179 /* CustomBindingBootcamp.swift in Sources */,
				567A55FB2ADA7E59004A3BBA /* ViewModifiersBootcamp.swift in Sources */,
				567A55FD2ADA834F004A3BBA /* CustomButtonStylesBootcamp.swift in Sources */,
				569131BE2ADFD81800BCE179 /* AdvancedCombineBootcamp.swift in Sources */,
				569131C72AE012A900BCE179 /* ErrorAlertBootcamp.swift in Sources */,
				564EAB172ADAAC880065DA4E /* CustomShapesWithCurves.swift in Sources */,
				567A55ED2ADA7E02004A3BBA /* SwiftUIAdvancedApp.swift in Sources */,
				56A77C232ADAC2E3007DEAFF /* ViewBuilderBootcamp.swift in Sources */,
				566BF06D2ADD620A002B0993 /* CustomTabBarView.swift in Sources */,
				568FC7162ADE73A500380B29 /* CustomNavView.swift in Sources */,
				56901BB82AE55B5C002F8DDC /* KeyPathBootcamp.swift in Sources */,
				568FC7122ADE701C00380B29 /* CustomNavBarView.swift in Sources */,
				564EAB1B2ADABBE70065DA4E /* GenericsBootcamp.swift in Sources */,
				566BF06A2ADD5878002B0993 /* AppTabBarView.swift in Sources */,
				568FC7182ADE751700380B29 /* CustomNavLink.swift in Sources */,
				568FC71A2ADE782300380B29 /* CustomNavBarPreferenceKeys.swift in Sources */,
				566BF0662ADD466A002B0993 /* GeometryPreferenceKeyBootcamp.swift in Sources */,
				564EAB192ADAB2E00065DA4E /* AnimatableDataBootcamp.swift in Sources */,
				568FC70C2ADDA39C00380B29 /* TabBarItem.swift in Sources */,
				564EAB132ADAA10A0065DA4E /* MatchedGeometryEffectBootcamp.swift in Sources */,
				567078EE2ADED825006C18D9 /* DependencyInjectionBootcamp.swift in Sources */,
				566BF0632ADD3F18002B0993 /* PreferenceKeyBootcamp.swift in Sources */,
				568FC7142ADE724600380B29 /* CustomNavBarContainerView.swift in Sources */,
				567078EC2ADED110006C18D9 /* ProtocolsBootcamp.swift in Sources */,
				566BF0682ADD4F9E002B0993 /* ScrollViewOffsetPreferenceKeyBootcamp.swift in Sources */,
				564EAB152ADAA6660065DA4E /* CustomShapesBootcamp.swift in Sources */,
				568FC7082ADD9D1F00380B29 /* CustomTabBarContainerView.swift in Sources */,
			);
			runOnlyForDeploymentPostprocessing = 0;
		};
/* End PBXSourcesBuildPhase section */

/* Begin XCBuildConfiguration section */
		567A55F52ADA7E05004A3BBA /* Debug */ = {
			isa = XCBuildConfiguration;
			buildSettings = {
				ALWAYS_SEARCH_USER_PATHS = NO;
				ASSETCATALOG_COMPILER_GENERATE_SWIFT_ASSET_SYMBOL_EXTENSIONS = YES;
				CLANG_ANALYZER_NONNULL = YES;
				CLANG_ANALYZER_NUMBER_OBJECT_CONVERSION = YES_AGGRESSIVE;
				CLANG_CXX_LANGUAGE_STANDARD = "gnu++20";
				CLANG_ENABLE_MODULES = YES;
				CLANG_ENABLE_OBJC_ARC = YES;
				CLANG_ENABLE_OBJC_WEAK = YES;
				CLANG_WARN_BLOCK_CAPTURE_AUTORELEASING = YES;
				CLANG_WARN_BOOL_CONVERSION = YES;
				CLANG_WARN_COMMA = YES;
				CLANG_WARN_CONSTANT_CONVERSION = YES;
				CLANG_WARN_DEPRECATED_OBJC_IMPLEMENTATIONS = YES;
				CLANG_WARN_DIRECT_OBJC_ISA_USAGE = YES_ERROR;
				CLANG_WARN_DOCUMENTATION_COMMENTS = YES;
				CLANG_WARN_EMPTY_BODY = YES;
				CLANG_WARN_ENUM_CONVERSION = YES;
				CLANG_WARN_INFINITE_RECURSION = YES;
				CLANG_WARN_INT_CONVERSION = YES;
				CLANG_WARN_NON_LITERAL_NULL_CONVERSION = YES;
				CLANG_WARN_OBJC_IMPLICIT_RETAIN_SELF = YES;
				CLANG_WARN_OBJC_LITERAL_CONVERSION = YES;
				CLANG_WARN_OBJC_ROOT_CLASS = YES_ERROR;
				CLANG_WARN_QUOTED_INCLUDE_IN_FRAMEWORK_HEADER = YES;
				CLANG_WARN_RANGE_LOOP_ANALYSIS = YES;
				CLANG_WARN_STRICT_PROTOTYPES = YES;
				CLANG_WARN_SUSPICIOUS_MOVE = YES;
				CLANG_WARN_UNGUARDED_AVAILABILITY = YES_AGGRESSIVE;
				CLANG_WARN_UNREACHABLE_CODE = YES;
				CLANG_WARN__DUPLICATE_METHOD_MATCH = YES;
				COPY_PHASE_STRIP = NO;
				DEBUG_INFORMATION_FORMAT = dwarf;
				ENABLE_STRICT_OBJC_MSGSEND = YES;
				ENABLE_TESTABILITY = YES;
				ENABLE_USER_SCRIPT_SANDBOXING = YES;
				GCC_C_LANGUAGE_STANDARD = gnu17;
				GCC_DYNAMIC_NO_PIC = NO;
				GCC_NO_COMMON_BLOCKS = YES;
				GCC_OPTIMIZATION_LEVEL = 0;
				GCC_PREPROCESSOR_DEFINITIONS = (
					"DEBUG=1",
					"$(inherited)",
				);
				GCC_WARN_64_TO_32_BIT_CONVERSION = YES;
				GCC_WARN_ABOUT_RETURN_TYPE = YES_ERROR;
				GCC_WARN_UNDECLARED_SELECTOR = YES;
				GCC_WARN_UNINITIALIZED_AUTOS = YES_AGGRESSIVE;
				GCC_WARN_UNUSED_FUNCTION = YES;
				GCC_WARN_UNUSED_VARIABLE = YES;
				IPHONEOS_DEPLOYMENT_TARGET = 17.0;
				LOCALIZATION_PREFERS_STRING_CATALOGS = YES;
				MTL_ENABLE_DEBUG_INFO = INCLUDE_SOURCE;
				MTL_FAST_MATH = YES;
				ONLY_ACTIVE_ARCH = YES;
				SDKROOT = iphoneos;
				SWIFT_ACTIVE_COMPILATION_CONDITIONS = "DEBUG $(inherited)";
				SWIFT_OPTIMIZATION_LEVEL = "-Onone";
			};
			name = Debug;
		};
		567A55F62ADA7E05004A3BBA /* Release */ = {
			isa = XCBuildConfiguration;
			buildSettings = {
				ALWAYS_SEARCH_USER_PATHS = NO;
				ASSETCATALOG_COMPILER_GENERATE_SWIFT_ASSET_SYMBOL_EXTENSIONS = YES;
				CLANG_ANALYZER_NONNULL = YES;
				CLANG_ANALYZER_NUMBER_OBJECT_CONVERSION = YES_AGGRESSIVE;
				CLANG_CXX_LANGUAGE_STANDARD = "gnu++20";
				CLANG_ENABLE_MODULES = YES;
				CLANG_ENABLE_OBJC_ARC = YES;
				CLANG_ENABLE_OBJC_WEAK = YES;
				CLANG_WARN_BLOCK_CAPTURE_AUTORELEASING = YES;
				CLANG_WARN_BOOL_CONVERSION = YES;
				CLANG_WARN_COMMA = YES;
				CLANG_WARN_CONSTANT_CONVERSION = YES;
				CLANG_WARN_DEPRECATED_OBJC_IMPLEMENTATIONS = YES;
				CLANG_WARN_DIRECT_OBJC_ISA_USAGE = YES_ERROR;
				CLANG_WARN_DOCUMENTATION_COMMENTS = YES;
				CLANG_WARN_EMPTY_BODY = YES;
				CLANG_WARN_ENUM_CONVERSION = YES;
				CLANG_WARN_INFINITE_RECURSION = YES;
				CLANG_WARN_INT_CONVERSION = YES;
				CLANG_WARN_NON_LITERAL_NULL_CONVERSION = YES;
				CLANG_WARN_OBJC_IMPLICIT_RETAIN_SELF = YES;
				CLANG_WARN_OBJC_LITERAL_CONVERSION = YES;
				CLANG_WARN_OBJC_ROOT_CLASS = YES_ERROR;
				CLANG_WARN_QUOTED_INCLUDE_IN_FRAMEWORK_HEADER = YES;
				CLANG_WARN_RANGE_LOOP_ANALYSIS = YES;
				CLANG_WARN_STRICT_PROTOTYPES = YES;
				CLANG_WARN_SUSPICIOUS_MOVE = YES;
				CLANG_WARN_UNGUARDED_AVAILABILITY = YES_AGGRESSIVE;
				CLANG_WARN_UNREACHABLE_CODE = YES;
				CLANG_WARN__DUPLICATE_METHOD_MATCH = YES;
				COPY_PHASE_STRIP = NO;
				DEBUG_INFORMATION_FORMAT = "dwarf-with-dsym";
				ENABLE_NS_ASSERTIONS = NO;
				ENABLE_STRICT_OBJC_MSGSEND = YES;
				ENABLE_USER_SCRIPT_SANDBOXING = YES;
				GCC_C_LANGUAGE_STANDARD = gnu17;
				GCC_NO_COMMON_BLOCKS = YES;
				GCC_WARN_64_TO_32_BIT_CONVERSION = YES;
				GCC_WARN_ABOUT_RETURN_TYPE = YES_ERROR;
				GCC_WARN_UNDECLARED_SELECTOR = YES;
				GCC_WARN_UNINITIALIZED_AUTOS = YES_AGGRESSIVE;
				GCC_WARN_UNUSED_FUNCTION = YES;
				GCC_WARN_UNUSED_VARIABLE = YES;
				IPHONEOS_DEPLOYMENT_TARGET = 17.0;
				LOCALIZATION_PREFERS_STRING_CATALOGS = YES;
				MTL_ENABLE_DEBUG_INFO = NO;
				MTL_FAST_MATH = YES;
				SDKROOT = iphoneos;
				SWIFT_COMPILATION_MODE = wholemodule;
				VALIDATE_PRODUCT = YES;
			};
			name = Release;
		};
		567A55F82ADA7E05004A3BBA /* Debug */ = {
			isa = XCBuildConfiguration;
			buildSettings = {
				ASSETCATALOG_COMPILER_APPICON_NAME = AppIcon;
				ASSETCATALOG_COMPILER_GLOBAL_ACCENT_COLOR_NAME = AccentColor;
				CODE_SIGN_STYLE = Automatic;
				CURRENT_PROJECT_VERSION = 1;
				DEVELOPMENT_ASSET_PATHS = "\"SwiftUIAdvanced/Preview Content\"";
				DEVELOPMENT_TEAM = 23A45T88TQ;
				ENABLE_PREVIEWS = YES;
				GENERATE_INFOPLIST_FILE = YES;
				INFOPLIST_KEY_UIApplicationSceneManifest_Generation = YES;
				INFOPLIST_KEY_UIApplicationSupportsIndirectInputEvents = YES;
				INFOPLIST_KEY_UILaunchScreen_Generation = YES;
				INFOPLIST_KEY_UISupportedInterfaceOrientations_iPad = "UIInterfaceOrientationPortrait UIInterfaceOrientationPortraitUpsideDown UIInterfaceOrientationLandscapeLeft UIInterfaceOrientationLandscapeRight";
				INFOPLIST_KEY_UISupportedInterfaceOrientations_iPhone = "UIInterfaceOrientationPortrait UIInterfaceOrientationLandscapeLeft UIInterfaceOrientationLandscapeRight";
				LD_RUNPATH_SEARCH_PATHS = (
					"$(inherited)",
					"@executable_path/Frameworks",
				);
				MARKETING_VERSION = 1.0;
				PRODUCT_BUNDLE_IDENTIFIER = com.medtronic.SwiftUIAdvanced;
				PRODUCT_NAME = "$(TARGET_NAME)";
				SWIFT_EMIT_LOC_STRINGS = YES;
				SWIFT_VERSION = 5.0;
				TARGETED_DEVICE_FAMILY = "1,2";
			};
			name = Debug;
		};
		567A55F92ADA7E05004A3BBA /* Release */ = {
			isa = XCBuildConfiguration;
			buildSettings = {
				ASSETCATALOG_COMPILER_APPICON_NAME = AppIcon;
				ASSETCATALOG_COMPILER_GLOBAL_ACCENT_COLOR_NAME = AccentColor;
				CODE_SIGN_STYLE = Automatic;
				CURRENT_PROJECT_VERSION = 1;
				DEVELOPMENT_ASSET_PATHS = "\"SwiftUIAdvanced/Preview Content\"";
				DEVELOPMENT_TEAM = 23A45T88TQ;
				ENABLE_PREVIEWS = YES;
				GENERATE_INFOPLIST_FILE = YES;
				INFOPLIST_KEY_UIApplicationSceneManifest_Generation = YES;
				INFOPLIST_KEY_UIApplicationSupportsIndirectInputEvents = YES;
				INFOPLIST_KEY_UILaunchScreen_Generation = YES;
				INFOPLIST_KEY_UISupportedInterfaceOrientations_iPad = "UIInterfaceOrientationPortrait UIInterfaceOrientationPortraitUpsideDown UIInterfaceOrientationLandscapeLeft UIInterfaceOrientationLandscapeRight";
				INFOPLIST_KEY_UISupportedInterfaceOrientations_iPhone = "UIInterfaceOrientationPortrait UIInterfaceOrientationLandscapeLeft UIInterfaceOrientationLandscapeRight";
				LD_RUNPATH_SEARCH_PATHS = (
					"$(inherited)",
					"@executable_path/Frameworks",
				);
				MARKETING_VERSION = 1.0;
				PRODUCT_BUNDLE_IDENTIFIER = com.medtronic.SwiftUIAdvanced;
				PRODUCT_NAME = "$(TARGET_NAME)";
				SWIFT_EMIT_LOC_STRINGS = YES;
				SWIFT_VERSION = 5.0;
				TARGETED_DEVICE_FAMILY = "1,2";
			};
			name = Release;
		};
/* End XCBuildConfiguration section */

/* Begin XCConfigurationList section */
		567A55E42ADA7E02004A3BBA /* Build configuration list for PBXProject "SwiftUIAdvanced" */ = {
			isa = XCConfigurationList;
			buildConfigurations = (
				567A55F52ADA7E05004A3BBA /* Debug */,
				567A55F62ADA7E05004A3BBA /* Release */,
			);
			defaultConfigurationIsVisible = 0;
			defaultConfigurationName = Release;
		};
		567A55F72ADA7E05004A3BBA /* Build configuration list for PBXNativeTarget "SwiftUIAdvanced" */ = {
			isa = XCConfigurationList;
			buildConfigurations = (
				567A55F82ADA7E05004A3BBA /* Debug */,
				567A55F92ADA7E05004A3BBA /* Release */,
			);
			defaultConfigurationIsVisible = 0;
			defaultConfigurationName = Release;
		};
/* End XCConfigurationList section */
	};
	rootObject = 567A55E12ADA7E02004A3BBA /* Project object */;
}
